Microsoft Visual Studio Solution File, Format Version 10.00
# Visual Studio 2008
Project("{FAE04EC0-301F-11D3-BF4B-00C04F79EFBC}") = "Spark.Modules", "Spark.Modules\Spark.Modules.csproj", "{BCDA5D2B-AE77-49FE-85A8-4D53F39BD40A}"
EndProject
Project("{FAE04EC0-301F-11D3-BF4B-00C04F79EFBC}") = "Modular.Games.WebPackage", "Modular.Games.WebPackage\Modular.Games.WebPackage.csproj", "{84ED1145-C487-4A9C-8B59-0A26B46B91ED}"
EndProject
Project("{FAE04EC0-301F-11D3-BF4B-00C04F79EFBC}") = "Modular.WebHost", "Modular.WebHost\Modular.WebHost.csproj", "{199AC663-CB31-4D42-A949-E8F5D106D6BB}"
EndProject
Project("{FAE04EC0-301F-11D3-BF4B-00C04F79EFBC}") = "Modular.Common", "Modular.Common\Modular.Common.csproj", "{7E69A9D6-85A8-416A-9550-62C3C577626E}"
EndProject
Project("{FAE04EC0-301F-11D3-BF4B-00C04F79EFBC}") = "Modular.Navigation.WebPackage", "Modular.Navigation.WebPackage\Modular.Navigation.WebPackage.csproj", "{54D1483F-ED4B-4872-B9FF-C0C39C39ED12}"
EndProject
Project("{FAE04EC0-301F-11D3-BF4B-00C04F79EFBC}") = "Modular.Flair.WebPackage", "Modular.Flair.WebPackage\Modular.Flair.WebPackage.csproj", "{6BB3D5C3-D690-43F5-85F8-1BBFFDA00117}"
EndProject
Project("{FAE04EC0-301F-11D3-BF4B-00C04F79EFBC}") = "Modular.Fleet.WebPackage", "Modular.Fleet.WebPackage\Modular.Fleet.WebPackage.csproj", "{BA63B1DC-66B4-4DD1-805B-B74CBF4C6222}"
EndProject
Global
	GlobalSection(SolutionConfigurationPlatforms) = preSolution
		Debug|Any CPU = Debug|Any CPU
		Release|Any CPU = Release|Any CPU
	EndGlobalSection
	GlobalSection(ProjectConfigurationPlatforms) = postSolution
		{BCDA5D2B-AE77-49FE-85A8-4D53F39BD40A}.Debug|Any CPU.ActiveCfg = Debug|Any CPU
		{BCDA5D2B-AE77-49FE-85A8-4D53F39BD40A}.Debug|Any CPU.Build.0 = Debug|Any CPU
		{BCDA5D2B-AE77-49FE-85A8-4D53F39BD40A}.Release|Any CPU.ActiveCfg = Release|Any CPU
		{BCDA5D2B-AE77-49FE-85A8-4D53F39BD40A}.Release|Any CPU.Build.0 = Release|Any CPU
		{84ED1145-C487-4A9C-8B59-0A26B46B91ED}.Debug|Any CPU.ActiveCfg = Debug|Any CPU
		{84ED1145-C487-4A9C-8B59-0A26B46B91ED}.Debug|Any CPU.Build.0 = Debug|Any CPU
		{84ED1145-C487-4A9C-8B59-0A26B46B91ED}.Release|Any CPU.ActiveCfg = Release|Any CPU
		{84ED1145-C487-4A9C-8B59-0A26B46B91ED}.Release|Any CPU.Build.0 = Release|Any CPU
		{199AC663-CB31-4D42-A949-E8F5D106D6BB}.Debug|Any CPU.ActiveCfg = Debug|Any CPU
		{199AC663-CB31-4D42-A949-E8F5D106D6BB}.Debug|Any CPU.Build.0 = Debug|Any CPU
		{199AC663-CB31-4D42-A949-E8F5D106D6BB}.Release|Any CPU.ActiveCfg = Release|Any CPU
		{199AC663-CB31-4D42-A949-E8F5D106D6BB}.Release|Any CPU.Build.0 = Release|Any CPU
		{7E69A9D6-85A8-416A-9550-62C3C577626E}.Debug|Any CPU.ActiveCfg = Debug|Any CPU
		{7E69A9D6-85A8-416A-9550-62C3C577626E}.Debug|Any CPU.Build.0 = Debug|Any CPU
		{7E69A9D6-85A8-416A-9550-62C3C577626E}.Release|Any CPU.ActiveCfg = Release|Any CPU
		{7E69A9D6-85A8-416A-9550-62C3C577626E}.Release|Any CPU.Build.0 = Release|Any CPU
		{54D1483F-ED4B-4872-B9FF-C0C39C39ED12}.Debug|Any CPU.ActiveCfg = Debug|Any CPU
		{54D1483F-ED4B-4872-B9FF-C0C39C39ED12}.Debug|Any CPU.Build.0 = Debug|Any CPU
		{54D1483F-ED4B-4872-B9FF-C0C39C39ED12}.Release|Any CPU.ActiveCfg = Release|Any CPU
		{54D1483F-ED4B-4872-B9FF-C0C39C39ED12}.Release|Any CPU.Build.0 = Release|Any CPU
		{6BB3D5C3-D690-43F5-85F8-1BBFFDA00117}.Debug|Any CPU.ActiveCfg = Debug|Any CPU
		{6BB3D5C3-D690-43F5-85F8-1BBFFDA00117}.Debug|Any CPU.Build.0 = Debug|Any CPU
		{6BB3D5C3-D690-43F5-85F8-1BBFFDA00117}.Release|Any CPU.ActiveCfg = Release|Any CPU
		{6BB3D5C3-D690-43F5-85F8-1BBFFDA00117}.Release|Any CPU.Build.0 = Release|Any CPU
		{BA63B1DC-66B4-4DD1-805B-B74CBF4C6222}.Debug|Any CPU.ActiveCfg = Debug|Any CPU
		{BA63B1DC-66B4-4DD1-805B-B74CBF4C6222}.Debug|Any CPU.Build.0 = Debug|Any CPU
		{BA63B1DC-66B4-4DD1-805B-B74CBF4C6222}.Release|Any CPU.ActiveCfg = Release|Any CPU
		{BA63B1DC-66B4-4DD1-805B-B74CBF4C6222}.Release|Any CPU.Build.0 = Release|Any CPU
	EndGlobalSection
	GlobalSection(SolutionProperties) = preSolution
		HideSolutionNode = FALSE
	EndGlobalSection
EndGlobal
