
Microsoft Visual Studio Solution File, Format Version 10.00
# Visual Studio 2008
Project("{FAE04EC0-301F-11D3-BF4B-00C04F79EFBC}") = "SparkWebApp.WebHost", "SparkWebApp\SparkWebApp.WebHost.csproj", "{443C0038-5832-45ED-91B0-9F99AE7476F7}"
EndProject
Project("{FAE04EC0-301F-11D3-BF4B-00C04F79EFBC}") = "IntegrationAndViewTests", "IntegrationAndViewTests\IntegrationAndViewTests.csproj", "{53374419-3EA9-4660-AF00-7D790FC6D145}"
EndProject
Global
	GlobalSection(SolutionConfigurationPlatforms) = preSolution
		Debug|Any CPU = Debug|Any CPU
		Release|Any CPU = Release|Any CPU
	EndGlobalSection
	GlobalSection(ProjectConfigurationPlatforms) = postSolution
		{443C0038-5832-45ED-91B0-9F99AE7476F7}.Debug|Any CPU.ActiveCfg = Debug|Any CPU
		{443C0038-5832-45ED-91B0-9F99AE7476F7}.Debug|Any CPU.Build.0 = Debug|Any CPU
		{443C0038-5832-45ED-91B0-9F99AE7476F7}.Release|Any CPU.ActiveCfg = Release|Any CPU
		{443C0038-5832-45ED-91B0-9F99AE7476F7}.Release|Any CPU.Build.0 = Release|Any CPU
		{53374419-3EA9-4660-AF00-7D790FC6D145}.Debug|Any CPU.ActiveCfg = Debug|Any CPU
		{53374419-3EA9-4660-AF00-7D790FC6D145}.Debug|Any CPU.Build.0 = Debug|Any CPU
		{53374419-3EA9-4660-AF00-7D790FC6D145}.Release|Any CPU.ActiveCfg = Release|Any CPU
		{53374419-3EA9-4660-AF00-7D790FC6D145}.Release|Any CPU.Build.0 = Release|Any CPU
	EndGlobalSection
	GlobalSection(SolutionProperties) = preSolution
		HideSolutionNode = FALSE
	EndGlobalSection
EndGlobal
