
Microsoft Visual Studio Solution File, Format Version 10.00
# Visual Studio 2008
Project("{2150E333-8FDC-42A3-9474-1A3956D46DE8}") = "Asp.Net Mvc", "Asp.Net Mvc", "{B92F64C3-2A6F-4422-8B5B-12CE8CBF7E52}"
EndProject
Project("{FAE04EC0-301F-11D3-BF4B-00C04F79EFBC}") = "AspNetMvcIoC", "AspNetMvcIoC\AspNetMvcIoC.csproj", "{E2345083-960A-4643-8E04-10B7982C293C}"
EndProject
Project("{FAE04EC0-301F-11D3-BF4B-00C04F79EFBC}") = "Spark", "..\Spark\Spark.csproj", "{31929D34-1A68-4A6B-9D8A-B93037163A5A}"
EndProject
Project("{FAE04EC0-301F-11D3-BF4B-00C04F79EFBC}") = "MvcContrib.SparkViewEngine", "..\MvcContrib.SparkViewEngine\MvcContrib.SparkViewEngine.csproj", "{286050D6-95A1-4381-93D8-93381D8AB8E2}"
EndProject
Global
	GlobalSection(SolutionConfigurationPlatforms) = preSolution
		Debug|Any CPU = Debug|Any CPU
		Release|Any CPU = Release|Any CPU
	EndGlobalSection
	GlobalSection(ProjectConfigurationPlatforms) = postSolution
		{E2345083-960A-4643-8E04-10B7982C293C}.Debug|Any CPU.ActiveCfg = Debug|Any CPU
		{E2345083-960A-4643-8E04-10B7982C293C}.Debug|Any CPU.Build.0 = Debug|Any CPU
		{E2345083-960A-4643-8E04-10B7982C293C}.Release|Any CPU.ActiveCfg = Release|Any CPU
		{E2345083-960A-4643-8E04-10B7982C293C}.Release|Any CPU.Build.0 = Release|Any CPU
		{31929D34-1A68-4A6B-9D8A-B93037163A5A}.Debug|Any CPU.ActiveCfg = Debug|Any CPU
		{31929D34-1A68-4A6B-9D8A-B93037163A5A}.Debug|Any CPU.Build.0 = Debug|Any CPU
		{31929D34-1A68-4A6B-9D8A-B93037163A5A}.Release|Any CPU.ActiveCfg = Release|Any CPU
		{31929D34-1A68-4A6B-9D8A-B93037163A5A}.Release|Any CPU.Build.0 = Release|Any CPU
		{286050D6-95A1-4381-93D8-93381D8AB8E2}.Debug|Any CPU.ActiveCfg = Debug|Any CPU
		{286050D6-95A1-4381-93D8-93381D8AB8E2}.Debug|Any CPU.Build.0 = Debug|Any CPU
		{286050D6-95A1-4381-93D8-93381D8AB8E2}.Release|Any CPU.ActiveCfg = Release|Any CPU
		{286050D6-95A1-4381-93D8-93381D8AB8E2}.Release|Any CPU.Build.0 = Release|Any CPU
	EndGlobalSection
	GlobalSection(SolutionProperties) = preSolution
		HideSolutionNode = FALSE
	EndGlobalSection
	GlobalSection(NestedProjects) = preSolution
		{E2345083-960A-4643-8E04-10B7982C293C} = {B92F64C3-2A6F-4422-8B5B-12CE8CBF7E52}
		{286050D6-95A1-4381-93D8-93381D8AB8E2} = {B92F64C3-2A6F-4422-8B5B-12CE8CBF7E52}
	EndGlobalSection
EndGlobal
