Microsoft Visual Studio Solution File, Format Version 10.00
# Visual Studio 2008
Project("{2150E333-8FDC-42A3-9474-1A3956D46DE8}") = "Asp.Net Mvc", "Asp.Net Mvc", "{B92F64C3-2A6F-4422-8B5B-12CE8CBF7E52}"
EndProject
Project("{FAE04EC0-301F-11D3-BF4B-00C04F79EFBC}") = "WindsorInversionOfControl", "AspNetMvc\WindsorInversionOfControl\WindsorInversionOfControl.csproj", "{E2345083-960A-4643-8E04-10B7982C293C}"
EndProject
Project("{FAE04EC0-301F-11D3-BF4B-00C04F79EFBC}") = "PrecompiledViews", "AspNetMvc\PrecompiledViews\PrecompiledViews.csproj", "{D02D6E90-F34D-43D8-AC59-EAC67C17D09A}"
EndProject
Project("{2150E333-8FDC-42A3-9474-1A3956D46DE8}") = "Direct Usage", "Direct Usage", "{95C10F2D-8E28-4F30-BC13-53ADFF36C196}"
EndProject
Project("{FAE04EC0-301F-11D3-BF4B-00C04F79EFBC}") = "MediumTrustHosting", "DirectUsage\MediumTrustHosting\MediumTrustHosting.csproj", "{123FBEA2-3323-4051-8F33-734F4C06DD6C}"
EndProject
Project("{2150E333-8FDC-42A3-9474-1A3956D46DE8}") = "Castle MonoRail", "Castle MonoRail", "{70C08930-35D9-4208-9B28-48500FC98ED4}"
EndProject
Project("{FAE04EC0-301F-11D3-BF4B-00C04F79EFBC}") = "PrecompiledViews", "MonoRail\PrecompiledViews\PrecompiledViews.csproj", "{247D9A71-561A-4C7D-BBBC-EE2FB0C5578F}"
EndProject
Project("{FAE04EC0-301F-11D3-BF4B-00C04F79EFBC}") = "WindsorInversionOfControl", "MonoRail\WindsorInversionOfControl\WindsorInversionOfControl.csproj", "{80440072-BC9E-4A8E-BE2F-8EDB8E668176}"
EndProject
Project("{FAE04EC0-301F-11D3-BF4B-00C04F79EFBC}") = "PartialFiles", "AspNetMvc\PartialFiles\PartialFiles.csproj", "{C8147C10-059C-439F-8DBF-33D7B8EB6D2E}"
EndProject
Project("{FAE04EC0-301F-11D3-BF4B-00C04F79EFBC}") = "AdvancedPartials", "MonoRail\AdvancedPartials\AdvancedPartials.csproj", "{410E637F-1436-4889-8029-2AE79F46A252}"
EndProject
Project("{FAE04EC0-301F-11D3-BF4B-00C04F79EFBC}") = "ModularForum", "AspNetMvc\ModularForum\ModularForum.csproj", "{236694C5-C51F-43B8-B961-4B78D3F3A335}"
EndProject
Project("{FAE04EC0-301F-11D3-BF4B-00C04F79EFBC}") = "ModularHost", "AspNetMvc\ModularHost\ModularHost.csproj", "{3F2D0F33-5D36-47C1-B748-8B64C20CDEBF}"
EndProject
Project("{FAE04EC0-301F-11D3-BF4B-00C04F79EFBC}") = "AdditionalViewFolders", "AspNetMvc\AdditionalViewFolders\AdditionalViewFolders.csproj", "{DCB8FAC0-D978-4881-BC46-9C7AA3C26B01}"
EndProject
Project("{FAE04EC0-301F-11D3-BF4B-00C04F79EFBC}") = "AdditionalViewResources", "AspNetMvc\AdditionalViewResources\AdditionalViewResources.csproj", "{59D5D826-EDD6-402E-B1A4-457927EDCEE1}"
EndProject
Project("{FAE04EC0-301F-11D3-BF4B-00C04F79EFBC}") = "ClientRenderingViews", "AspNetMvc\ClientRenderingViews\ClientRenderingViews.csproj", "{7565F57D-13FB-4164-B495-ABFD11C44554}"
EndProject
Project("{FAE04EC0-301F-11D3-BF4B-00C04F79EFBC}") = "Internationalization", "AspNetMvc\Internationalization\Internationalization.csproj", "{FB78D1AA-35C1-4B77-93F0-A3CC032CA70A}"
EndProject
Project("{FAE04EC0-301F-11D3-BF4B-00C04F79EFBC}") = "IronPythonViews", "AspNetMvc\IronPythonViews\IronPythonViews.csproj", "{88AE48D2-9D28-4008-8CBC-64AAC13F96D1}"
EndProject
Project("{FAE04EC0-301F-11D3-BF4B-00C04F79EFBC}") = "IronRubyViews", "AspNetMvc\IronRubyViews\IronRubyViews.csproj", "{78168569-9497-4153-A1ED-C3918E55EB8F}"
EndProject
Project("{FAE04EC0-301F-11D3-BF4B-00C04F79EFBC}") = "SkinsFolder", "AspNetMvc\SkinsFolder\SkinsFolder.csproj", "{8F8C43C9-A60D-4E0F-97C3-CCC8A6FE09E2}"
EndProject
Project("{2150E333-8FDC-42A3-9474-1A3956D46DE8}") = "Modules", "Modules", "{5DEE152B-90EC-4BB9-A341-D9571D312B25}"
EndProject
Project("{FAE04EC0-301F-11D3-BF4B-00C04F79EFBC}") = "Spark.Modules", "Modules\Spark.Modules\Spark.Modules.csproj", "{BCDA5D2B-AE77-49FE-85A8-4D53F39BD40A}"
EndProject
Project("{FAE04EC0-301F-11D3-BF4B-00C04F79EFBC}") = "Modular.WebHost", "Modules\Modular.WebHost\Modular.WebHost.csproj", "{199AC663-CB31-4D42-A949-E8F5D106D6BB}"
EndProject
Project("{FAE04EC0-301F-11D3-BF4B-00C04F79EFBC}") = "Modular.Games.WebPackage", "Modules\Modular.Games.WebPackage\Modular.Games.WebPackage.csproj", "{84ED1145-C487-4A9C-8B59-0A26B46B91ED}"
EndProject
Project("{FAE04EC0-301F-11D3-BF4B-00C04F79EFBC}") = "Modular.Common", "Modules\Modular.Common\Modular.Common.csproj", "{7E69A9D6-85A8-416A-9550-62C3C577626E}"
EndProject
Project("{FAE04EC0-301F-11D3-BF4B-00C04F79EFBC}") = "Modular.Flair.WebPackage", "Modules\Modular.Flair.WebPackage\Modular.Flair.WebPackage.csproj", "{6BB3D5C3-D690-43F5-85F8-1BBFFDA00117}"
EndProject
Project("{FAE04EC0-301F-11D3-BF4B-00C04F79EFBC}") = "Modular.Fleet.WebPackage", "Modules\Modular.Fleet.WebPackage\Modular.Fleet.WebPackage.csproj", "{BA63B1DC-66B4-4DD1-805B-B74CBF4C6222}"
EndProject
Project("{FAE04EC0-301F-11D3-BF4B-00C04F79EFBC}") = "Modular.Navigation.WebPackage", "Modules\Modular.Navigation.WebPackage\Modular.Navigation.WebPackage.csproj", "{54D1483F-ED4B-4872-B9FF-C0C39C39ED12}"
EndProject
Project("{FAE04EC0-301F-11D3-BF4B-00C04F79EFBC}") = "EmailOrTextTemplating", "DirectUsage\EmailOrTextTemplating\EmailOrTextTemplating.csproj", "{96EF3FC6-2A90-4A01-B4F6-553B65943386}"
EndProject
Project("{FAE04EC0-301F-11D3-BF4B-00C04F79EFBC}") = "NorthwindDemo", "AspNetMvc\NorthwindDemo\NorthwindDemo.csproj", "{07F4E162-51E9-478D-979A-D3B0B635AFBC}"
EndProject
Project("{FAE04EC0-301F-11D3-BF4B-00C04F79EFBC}") = "PdfRendering", "AspNetMvc\PdfRendering\PdfRendering.csproj", "{090ECCAF-44A0-4C13-8201-3CEDB4639ABF}"
EndProject
Project("{FAE04EC0-301F-11D3-BF4B-00C04F79EFBC}") = "ViewComponents", "MonoRail\ViewComponents\ViewComponents.csproj", "{63AAB962-213A-4CEF-A231-03D8392C5230}"
EndProject
Project("{FAE04EC0-301F-11D3-BF4B-00C04F79EFBC}") = "AdvancedPartials", "AspNetMvc\AdvancedPartials\AdvancedPartials.csproj", "{D1C7723E-3A94-4C85-99C3-88A7D1530343}"
EndProject
Global
	GlobalSection(SolutionConfigurationPlatforms) = preSolution
		Debug|Any CPU = Debug|Any CPU
		Release|Any CPU = Release|Any CPU
	EndGlobalSection
	GlobalSection(ProjectConfigurationPlatforms) = postSolution
		{E2345083-960A-4643-8E04-10B7982C293C}.Debug|Any CPU.ActiveCfg = Debug|Any CPU
		{E2345083-960A-4643-8E04-10B7982C293C}.Debug|Any CPU.Build.0 = Debug|Any CPU
		{E2345083-960A-4643-8E04-10B7982C293C}.Release|Any CPU.ActiveCfg = Release|Any CPU
		{E2345083-960A-4643-8E04-10B7982C293C}.Release|Any CPU.Build.0 = Release|Any CPU
		{D02D6E90-F34D-43D8-AC59-EAC67C17D09A}.Debug|Any CPU.ActiveCfg = Debug|Any CPU
		{D02D6E90-F34D-43D8-AC59-EAC67C17D09A}.Debug|Any CPU.Build.0 = Debug|Any CPU
		{D02D6E90-F34D-43D8-AC59-EAC67C17D09A}.Release|Any CPU.ActiveCfg = Release|Any CPU
		{D02D6E90-F34D-43D8-AC59-EAC67C17D09A}.Release|Any CPU.Build.0 = Release|Any CPU
		{123FBEA2-3323-4051-8F33-734F4C06DD6C}.Debug|Any CPU.ActiveCfg = Debug|Any CPU
		{123FBEA2-3323-4051-8F33-734F4C06DD6C}.Debug|Any CPU.Build.0 = Debug|Any CPU
		{123FBEA2-3323-4051-8F33-734F4C06DD6C}.Release|Any CPU.ActiveCfg = Release|Any CPU
		{123FBEA2-3323-4051-8F33-734F4C06DD6C}.Release|Any CPU.Build.0 = Release|Any CPU
		{247D9A71-561A-4C7D-BBBC-EE2FB0C5578F}.Debug|Any CPU.ActiveCfg = Debug|Any CPU
		{247D9A71-561A-4C7D-BBBC-EE2FB0C5578F}.Debug|Any CPU.Build.0 = Debug|Any CPU
		{247D9A71-561A-4C7D-BBBC-EE2FB0C5578F}.Release|Any CPU.ActiveCfg = Release|Any CPU
		{247D9A71-561A-4C7D-BBBC-EE2FB0C5578F}.Release|Any CPU.Build.0 = Release|Any CPU
		{80440072-BC9E-4A8E-BE2F-8EDB8E668176}.Debug|Any CPU.ActiveCfg = Debug|Any CPU
		{80440072-BC9E-4A8E-BE2F-8EDB8E668176}.Debug|Any CPU.Build.0 = Debug|Any CPU
		{80440072-BC9E-4A8E-BE2F-8EDB8E668176}.Release|Any CPU.ActiveCfg = Release|Any CPU
		{80440072-BC9E-4A8E-BE2F-8EDB8E668176}.Release|Any CPU.Build.0 = Release|Any CPU
		{C8147C10-059C-439F-8DBF-33D7B8EB6D2E}.Debug|Any CPU.ActiveCfg = Debug|Any CPU
		{C8147C10-059C-439F-8DBF-33D7B8EB6D2E}.Debug|Any CPU.Build.0 = Debug|Any CPU
		{C8147C10-059C-439F-8DBF-33D7B8EB6D2E}.Release|Any CPU.ActiveCfg = Release|Any CPU
		{C8147C10-059C-439F-8DBF-33D7B8EB6D2E}.Release|Any CPU.Build.0 = Release|Any CPU
		{410E637F-1436-4889-8029-2AE79F46A252}.Debug|Any CPU.ActiveCfg = Debug|Any CPU
		{410E637F-1436-4889-8029-2AE79F46A252}.Debug|Any CPU.Build.0 = Debug|Any CPU
		{410E637F-1436-4889-8029-2AE79F46A252}.Release|Any CPU.ActiveCfg = Release|Any CPU
		{410E637F-1436-4889-8029-2AE79F46A252}.Release|Any CPU.Build.0 = Release|Any CPU
		{236694C5-C51F-43B8-B961-4B78D3F3A335}.Debug|Any CPU.ActiveCfg = Debug|Any CPU
		{236694C5-C51F-43B8-B961-4B78D3F3A335}.Debug|Any CPU.Build.0 = Debug|Any CPU
		{236694C5-C51F-43B8-B961-4B78D3F3A335}.Release|Any CPU.ActiveCfg = Release|Any CPU
		{236694C5-C51F-43B8-B961-4B78D3F3A335}.Release|Any CPU.Build.0 = Release|Any CPU
		{3F2D0F33-5D36-47C1-B748-8B64C20CDEBF}.Debug|Any CPU.ActiveCfg = Debug|Any CPU
		{3F2D0F33-5D36-47C1-B748-8B64C20CDEBF}.Debug|Any CPU.Build.0 = Debug|Any CPU
		{3F2D0F33-5D36-47C1-B748-8B64C20CDEBF}.Release|Any CPU.ActiveCfg = Release|Any CPU
		{3F2D0F33-5D36-47C1-B748-8B64C20CDEBF}.Release|Any CPU.Build.0 = Release|Any CPU
		{DCB8FAC0-D978-4881-BC46-9C7AA3C26B01}.Debug|Any CPU.ActiveCfg = Debug|Any CPU
		{DCB8FAC0-D978-4881-BC46-9C7AA3C26B01}.Debug|Any CPU.Build.0 = Debug|Any CPU
		{DCB8FAC0-D978-4881-BC46-9C7AA3C26B01}.Release|Any CPU.ActiveCfg = Release|Any CPU
		{DCB8FAC0-D978-4881-BC46-9C7AA3C26B01}.Release|Any CPU.Build.0 = Release|Any CPU
		{59D5D826-EDD6-402E-B1A4-457927EDCEE1}.Debug|Any CPU.ActiveCfg = Debug|Any CPU
		{59D5D826-EDD6-402E-B1A4-457927EDCEE1}.Debug|Any CPU.Build.0 = Debug|Any CPU
		{59D5D826-EDD6-402E-B1A4-457927EDCEE1}.Release|Any CPU.ActiveCfg = Release|Any CPU
		{59D5D826-EDD6-402E-B1A4-457927EDCEE1}.Release|Any CPU.Build.0 = Release|Any CPU
		{7565F57D-13FB-4164-B495-ABFD11C44554}.Debug|Any CPU.ActiveCfg = Debug|Any CPU
		{7565F57D-13FB-4164-B495-ABFD11C44554}.Debug|Any CPU.Build.0 = Debug|Any CPU
		{7565F57D-13FB-4164-B495-ABFD11C44554}.Release|Any CPU.ActiveCfg = Release|Any CPU
		{7565F57D-13FB-4164-B495-ABFD11C44554}.Release|Any CPU.Build.0 = Release|Any CPU
		{FB78D1AA-35C1-4B77-93F0-A3CC032CA70A}.Debug|Any CPU.ActiveCfg = Debug|Any CPU
		{FB78D1AA-35C1-4B77-93F0-A3CC032CA70A}.Debug|Any CPU.Build.0 = Debug|Any CPU
		{FB78D1AA-35C1-4B77-93F0-A3CC032CA70A}.Release|Any CPU.ActiveCfg = Release|Any CPU
		{FB78D1AA-35C1-4B77-93F0-A3CC032CA70A}.Release|Any CPU.Build.0 = Release|Any CPU
		{88AE48D2-9D28-4008-8CBC-64AAC13F96D1}.Debug|Any CPU.ActiveCfg = Debug|Any CPU
		{88AE48D2-9D28-4008-8CBC-64AAC13F96D1}.Debug|Any CPU.Build.0 = Debug|Any CPU
		{88AE48D2-9D28-4008-8CBC-64AAC13F96D1}.Release|Any CPU.ActiveCfg = Release|Any CPU
		{88AE48D2-9D28-4008-8CBC-64AAC13F96D1}.Release|Any CPU.Build.0 = Release|Any CPU
		{78168569-9497-4153-A1ED-C3918E55EB8F}.Debug|Any CPU.ActiveCfg = Debug|Any CPU
		{78168569-9497-4153-A1ED-C3918E55EB8F}.Debug|Any CPU.Build.0 = Debug|Any CPU
		{78168569-9497-4153-A1ED-C3918E55EB8F}.Release|Any CPU.ActiveCfg = Release|Any CPU
		{78168569-9497-4153-A1ED-C3918E55EB8F}.Release|Any CPU.Build.0 = Release|Any CPU
		{8F8C43C9-A60D-4E0F-97C3-CCC8A6FE09E2}.Debug|Any CPU.ActiveCfg = Debug|Any CPU
		{8F8C43C9-A60D-4E0F-97C3-CCC8A6FE09E2}.Debug|Any CPU.Build.0 = Debug|Any CPU
		{8F8C43C9-A60D-4E0F-97C3-CCC8A6FE09E2}.Release|Any CPU.ActiveCfg = Release|Any CPU
		{8F8C43C9-A60D-4E0F-97C3-CCC8A6FE09E2}.Release|Any CPU.Build.0 = Release|Any CPU
		{BCDA5D2B-AE77-49FE-85A8-4D53F39BD40A}.Debug|Any CPU.ActiveCfg = Debug|Any CPU
		{BCDA5D2B-AE77-49FE-85A8-4D53F39BD40A}.Debug|Any CPU.Build.0 = Debug|Any CPU
		{BCDA5D2B-AE77-49FE-85A8-4D53F39BD40A}.Release|Any CPU.ActiveCfg = Release|Any CPU
		{BCDA5D2B-AE77-49FE-85A8-4D53F39BD40A}.Release|Any CPU.Build.0 = Release|Any CPU
		{199AC663-CB31-4D42-A949-E8F5D106D6BB}.Debug|Any CPU.ActiveCfg = Debug|Any CPU
		{199AC663-CB31-4D42-A949-E8F5D106D6BB}.Debug|Any CPU.Build.0 = Debug|Any CPU
		{199AC663-CB31-4D42-A949-E8F5D106D6BB}.Release|Any CPU.ActiveCfg = Release|Any CPU
		{199AC663-CB31-4D42-A949-E8F5D106D6BB}.Release|Any CPU.Build.0 = Release|Any CPU
		{84ED1145-C487-4A9C-8B59-0A26B46B91ED}.Debug|Any CPU.ActiveCfg = Debug|Any CPU
		{84ED1145-C487-4A9C-8B59-0A26B46B91ED}.Debug|Any CPU.Build.0 = Debug|Any CPU
		{84ED1145-C487-4A9C-8B59-0A26B46B91ED}.Release|Any CPU.ActiveCfg = Release|Any CPU
		{84ED1145-C487-4A9C-8B59-0A26B46B91ED}.Release|Any CPU.Build.0 = Release|Any CPU
		{7E69A9D6-85A8-416A-9550-62C3C577626E}.Debug|Any CPU.ActiveCfg = Debug|Any CPU
		{7E69A9D6-85A8-416A-9550-62C3C577626E}.Debug|Any CPU.Build.0 = Debug|Any CPU
		{7E69A9D6-85A8-416A-9550-62C3C577626E}.Release|Any CPU.ActiveCfg = Release|Any CPU
		{7E69A9D6-85A8-416A-9550-62C3C577626E}.Release|Any CPU.Build.0 = Release|Any CPU
		{6BB3D5C3-D690-43F5-85F8-1BBFFDA00117}.Debug|Any CPU.ActiveCfg = Debug|Any CPU
		{6BB3D5C3-D690-43F5-85F8-1BBFFDA00117}.Debug|Any CPU.Build.0 = Debug|Any CPU
		{6BB3D5C3-D690-43F5-85F8-1BBFFDA00117}.Release|Any CPU.ActiveCfg = Release|Any CPU
		{6BB3D5C3-D690-43F5-85F8-1BBFFDA00117}.Release|Any CPU.Build.0 = Release|Any CPU
		{BA63B1DC-66B4-4DD1-805B-B74CBF4C6222}.Debug|Any CPU.ActiveCfg = Debug|Any CPU
		{BA63B1DC-66B4-4DD1-805B-B74CBF4C6222}.Debug|Any CPU.Build.0 = Debug|Any CPU
		{BA63B1DC-66B4-4DD1-805B-B74CBF4C6222}.Release|Any CPU.ActiveCfg = Release|Any CPU
		{BA63B1DC-66B4-4DD1-805B-B74CBF4C6222}.Release|Any CPU.Build.0 = Release|Any CPU
		{54D1483F-ED4B-4872-B9FF-C0C39C39ED12}.Debug|Any CPU.ActiveCfg = Debug|Any CPU
		{54D1483F-ED4B-4872-B9FF-C0C39C39ED12}.Debug|Any CPU.Build.0 = Debug|Any CPU
		{54D1483F-ED4B-4872-B9FF-C0C39C39ED12}.Release|Any CPU.ActiveCfg = Release|Any CPU
		{54D1483F-ED4B-4872-B9FF-C0C39C39ED12}.Release|Any CPU.Build.0 = Release|Any CPU
		{96EF3FC6-2A90-4A01-B4F6-553B65943386}.Debug|Any CPU.ActiveCfg = Debug|Any CPU
		{96EF3FC6-2A90-4A01-B4F6-553B65943386}.Debug|Any CPU.Build.0 = Debug|Any CPU
		{96EF3FC6-2A90-4A01-B4F6-553B65943386}.Release|Any CPU.ActiveCfg = Release|Any CPU
		{96EF3FC6-2A90-4A01-B4F6-553B65943386}.Release|Any CPU.Build.0 = Release|Any CPU
		{07F4E162-51E9-478D-979A-D3B0B635AFBC}.Debug|Any CPU.ActiveCfg = Debug|Any CPU
		{07F4E162-51E9-478D-979A-D3B0B635AFBC}.Debug|Any CPU.Build.0 = Debug|Any CPU
		{07F4E162-51E9-478D-979A-D3B0B635AFBC}.Release|Any CPU.ActiveCfg = Release|Any CPU
		{07F4E162-51E9-478D-979A-D3B0B635AFBC}.Release|Any CPU.Build.0 = Release|Any CPU
		{090ECCAF-44A0-4C13-8201-3CEDB4639ABF}.Debug|Any CPU.ActiveCfg = Debug|Any CPU
		{090ECCAF-44A0-4C13-8201-3CEDB4639ABF}.Debug|Any CPU.Build.0 = Debug|Any CPU
		{090ECCAF-44A0-4C13-8201-3CEDB4639ABF}.Release|Any CPU.ActiveCfg = Release|Any CPU
		{090ECCAF-44A0-4C13-8201-3CEDB4639ABF}.Release|Any CPU.Build.0 = Release|Any CPU
		{63AAB962-213A-4CEF-A231-03D8392C5230}.Debug|Any CPU.ActiveCfg = Debug|Any CPU
		{63AAB962-213A-4CEF-A231-03D8392C5230}.Debug|Any CPU.Build.0 = Debug|Any CPU
		{63AAB962-213A-4CEF-A231-03D8392C5230}.Release|Any CPU.ActiveCfg = Release|Any CPU
		{63AAB962-213A-4CEF-A231-03D8392C5230}.Release|Any CPU.Build.0 = Release|Any CPU
		{D1C7723E-3A94-4C85-99C3-88A7D1530343}.Debug|Any CPU.ActiveCfg = Debug|Any CPU
		{D1C7723E-3A94-4C85-99C3-88A7D1530343}.Debug|Any CPU.Build.0 = Debug|Any CPU
		{D1C7723E-3A94-4C85-99C3-88A7D1530343}.Release|Any CPU.ActiveCfg = Release|Any CPU
		{D1C7723E-3A94-4C85-99C3-88A7D1530343}.Release|Any CPU.Build.0 = Release|Any CPU
	EndGlobalSection
	GlobalSection(SolutionProperties) = preSolution
		HideSolutionNode = FALSE
	EndGlobalSection
	GlobalSection(NestedProjects) = preSolution
		{E2345083-960A-4643-8E04-10B7982C293C} = {B92F64C3-2A6F-4422-8B5B-12CE8CBF7E52}
		{D02D6E90-F34D-43D8-AC59-EAC67C17D09A} = {B92F64C3-2A6F-4422-8B5B-12CE8CBF7E52}
		{C8147C10-059C-439F-8DBF-33D7B8EB6D2E} = {B92F64C3-2A6F-4422-8B5B-12CE8CBF7E52}
		{236694C5-C51F-43B8-B961-4B78D3F3A335} = {B92F64C3-2A6F-4422-8B5B-12CE8CBF7E52}
		{3F2D0F33-5D36-47C1-B748-8B64C20CDEBF} = {B92F64C3-2A6F-4422-8B5B-12CE8CBF7E52}
		{DCB8FAC0-D978-4881-BC46-9C7AA3C26B01} = {B92F64C3-2A6F-4422-8B5B-12CE8CBF7E52}
		{59D5D826-EDD6-402E-B1A4-457927EDCEE1} = {B92F64C3-2A6F-4422-8B5B-12CE8CBF7E52}
		{7565F57D-13FB-4164-B495-ABFD11C44554} = {B92F64C3-2A6F-4422-8B5B-12CE8CBF7E52}
		{FB78D1AA-35C1-4B77-93F0-A3CC032CA70A} = {B92F64C3-2A6F-4422-8B5B-12CE8CBF7E52}
		{88AE48D2-9D28-4008-8CBC-64AAC13F96D1} = {B92F64C3-2A6F-4422-8B5B-12CE8CBF7E52}
		{78168569-9497-4153-A1ED-C3918E55EB8F} = {B92F64C3-2A6F-4422-8B5B-12CE8CBF7E52}
		{8F8C43C9-A60D-4E0F-97C3-CCC8A6FE09E2} = {B92F64C3-2A6F-4422-8B5B-12CE8CBF7E52}
		{07F4E162-51E9-478D-979A-D3B0B635AFBC} = {B92F64C3-2A6F-4422-8B5B-12CE8CBF7E52}
		{090ECCAF-44A0-4C13-8201-3CEDB4639ABF} = {B92F64C3-2A6F-4422-8B5B-12CE8CBF7E52}
		{D1C7723E-3A94-4C85-99C3-88A7D1530343} = {B92F64C3-2A6F-4422-8B5B-12CE8CBF7E52}
		{123FBEA2-3323-4051-8F33-734F4C06DD6C} = {95C10F2D-8E28-4F30-BC13-53ADFF36C196}
		{96EF3FC6-2A90-4A01-B4F6-553B65943386} = {95C10F2D-8E28-4F30-BC13-53ADFF36C196}
		{247D9A71-561A-4C7D-BBBC-EE2FB0C5578F} = {70C08930-35D9-4208-9B28-48500FC98ED4}
		{80440072-BC9E-4A8E-BE2F-8EDB8E668176} = {70C08930-35D9-4208-9B28-48500FC98ED4}
		{410E637F-1436-4889-8029-2AE79F46A252} = {70C08930-35D9-4208-9B28-48500FC98ED4}
		{63AAB962-213A-4CEF-A231-03D8392C5230} = {70C08930-35D9-4208-9B28-48500FC98ED4}
		{BCDA5D2B-AE77-49FE-85A8-4D53F39BD40A} = {5DEE152B-90EC-4BB9-A341-D9571D312B25}
		{199AC663-CB31-4D42-A949-E8F5D106D6BB} = {5DEE152B-90EC-4BB9-A341-D9571D312B25}
		{84ED1145-C487-4A9C-8B59-0A26B46B91ED} = {5DEE152B-90EC-4BB9-A341-D9571D312B25}
		{7E69A9D6-85A8-416A-9550-62C3C577626E} = {5DEE152B-90EC-4BB9-A341-D9571D312B25}
		{6BB3D5C3-D690-43F5-85F8-1BBFFDA00117} = {5DEE152B-90EC-4BB9-A341-D9571D312B25}
		{BA63B1DC-66B4-4DD1-805B-B74CBF4C6222} = {5DEE152B-90EC-4BB9-A341-D9571D312B25}
		{54D1483F-ED4B-4872-B9FF-C0C39C39ED12} = {5DEE152B-90EC-4BB9-A341-D9571D312B25}
	EndGlobalSection
EndGlobal
