
Microsoft Visual Studio Solution File, Format Version 10.00
# Visual Studio 2008
Project("{FAE04EC0-301F-11D3-BF4B-00C04F79EFBC}") = "PdfRendering", "PdfRendering.csproj", "{090ECCAF-44A0-4C13-8201-3CEDB4639ABF}"
EndProject
Project("{FAE04EC0-301F-11D3-BF4B-00C04F79EFBC}") = "Spark", "..\..\..\Spark\Spark.csproj", "{31929D34-1A68-4A6B-9D8A-B93037163A5A}"
EndProject
Project("{FAE04EC0-301F-11D3-BF4B-00C04F79EFBC}") = "Spark.Web.Mvc", "..\..\..\Spark.Web.Mvc\Spark.Web.Mvc.csproj", "{286050D6-95A1-4381-93D8-93381D8AB8E2}"
EndProject
Project("{FAE04EC0-301F-11D3-BF4B-00C04F79EFBC}") = "Spark.Web.Mvc.Pdf", "..\..\..\Spark.Web.Mvc.Pdf\Spark.Web.Mvc.Pdf.csproj", "{0A90BB41-BE2E-4608-B5DB-A3A8A5269E2F}"
EndProject
Global
	GlobalSection(SolutionConfigurationPlatforms) = preSolution
		Debug|Any CPU = Debug|Any CPU
		Release|Any CPU = Release|Any CPU
		Retail|Any CPU = Retail|Any CPU
	EndGlobalSection
	GlobalSection(ProjectConfigurationPlatforms) = postSolution
		{090ECCAF-44A0-4C13-8201-3CEDB4639ABF}.Debug|Any CPU.ActiveCfg = Debug|Any CPU
		{090ECCAF-44A0-4C13-8201-3CEDB4639ABF}.Debug|Any CPU.Build.0 = Debug|Any CPU
		{090ECCAF-44A0-4C13-8201-3CEDB4639ABF}.Release|Any CPU.ActiveCfg = Release|Any CPU
		{090ECCAF-44A0-4C13-8201-3CEDB4639ABF}.Release|Any CPU.Build.0 = Release|Any CPU
		{090ECCAF-44A0-4C13-8201-3CEDB4639ABF}.Retail|Any CPU.ActiveCfg = Release|Any CPU
		{090ECCAF-44A0-4C13-8201-3CEDB4639ABF}.Retail|Any CPU.Build.0 = Release|Any CPU
		{31929D34-1A68-4A6B-9D8A-B93037163A5A}.Debug|Any CPU.ActiveCfg = Debug|Any CPU
		{31929D34-1A68-4A6B-9D8A-B93037163A5A}.Debug|Any CPU.Build.0 = Debug|Any CPU
		{31929D34-1A68-4A6B-9D8A-B93037163A5A}.Release|Any CPU.ActiveCfg = Release|Any CPU
		{31929D34-1A68-4A6B-9D8A-B93037163A5A}.Release|Any CPU.Build.0 = Release|Any CPU
		{31929D34-1A68-4A6B-9D8A-B93037163A5A}.Retail|Any CPU.ActiveCfg = Retail|Any CPU
		{31929D34-1A68-4A6B-9D8A-B93037163A5A}.Retail|Any CPU.Build.0 = Retail|Any CPU
		{286050D6-95A1-4381-93D8-93381D8AB8E2}.Debug|Any CPU.ActiveCfg = Debug|Any CPU
		{286050D6-95A1-4381-93D8-93381D8AB8E2}.Debug|Any CPU.Build.0 = Debug|Any CPU
		{286050D6-95A1-4381-93D8-93381D8AB8E2}.Release|Any CPU.ActiveCfg = Release|Any CPU
		{286050D6-95A1-4381-93D8-93381D8AB8E2}.Release|Any CPU.Build.0 = Release|Any CPU
		{286050D6-95A1-4381-93D8-93381D8AB8E2}.Retail|Any CPU.ActiveCfg = Release|Any CPU
		{286050D6-95A1-4381-93D8-93381D8AB8E2}.Retail|Any CPU.Build.0 = Release|Any CPU
		{0A90BB41-BE2E-4608-B5DB-A3A8A5269E2F}.Debug|Any CPU.ActiveCfg = Debug|Any CPU
		{0A90BB41-BE2E-4608-B5DB-A3A8A5269E2F}.Debug|Any CPU.Build.0 = Debug|Any CPU
		{0A90BB41-BE2E-4608-B5DB-A3A8A5269E2F}.Release|Any CPU.ActiveCfg = Release|Any CPU
		{0A90BB41-BE2E-4608-B5DB-A3A8A5269E2F}.Release|Any CPU.Build.0 = Release|Any CPU
		{0A90BB41-BE2E-4608-B5DB-A3A8A5269E2F}.Retail|Any CPU.ActiveCfg = Release|Any CPU
		{0A90BB41-BE2E-4608-B5DB-A3A8A5269E2F}.Retail|Any CPU.Build.0 = Release|Any CPU
	EndGlobalSection
	GlobalSection(SolutionProperties) = preSolution
		HideSolutionNode = FALSE
	EndGlobalSection
EndGlobal
