Microsoft Visual Studio Solution File, Format Version 11.00
# Visual Studio 2010
Project("{2150E333-8FDC-42A3-9474-1A3956D46DE8}") = "Spark Core", "Spark Core", "{F606A062-1BD5-40E2-8E8A-BCC4F374BFBF}"
EndProject
Project("{2150E333-8FDC-42A3-9474-1A3956D46DE8}") = "AspNet Mvc", "AspNet Mvc", "{F4E1F2B2-2BA6-4EFC-8082-ADBC14ECC179}"
EndProject
Project("{2150E333-8FDC-42A3-9474-1A3956D46DE8}") = "Castle MonoRail", "Castle MonoRail", "{CE293579-4889-4D6D-A1A0-BBBE8CBB9343}"
EndProject
Project("{2150E333-8FDC-42A3-9474-1A3956D46DE8}") = "Solution Items", "Solution Items", "{B23DD51D-925A-4488-ABE8-F2A9D69E5976}"
	ProjectSection(SolutionItems) = preProject
		..\spark.build = ..\spark.build
	EndProjectSection
EndProject
Project("{2150E333-8FDC-42A3-9474-1A3956D46DE8}") = "Utilities", "Utilities", "{8D3C4016-6843-4266-BA52-61D0A2C78880}"
EndProject
Project("{FAE04EC0-301F-11D3-BF4B-00C04F79EFBC}") = "Castle.MonoRail.Views.Spark", "Castle.MonoRail.Views.Spark\Castle.MonoRail.Views.Spark.csproj", "{33D786A4-C95D-473E-B96F-06EC68527F66}"
EndProject
Project("{FAE04EC0-301F-11D3-BF4B-00C04F79EFBC}") = "Castle.MonoRail.Views.Spark.Tests", "Castle.MonoRail.Views.Spark.Tests\Castle.MonoRail.Views.Spark.Tests.csproj", "{AD93C831-E12E-45AE-B654-682F9EFAE314}"
EndProject
Project("{FAE04EC0-301F-11D3-BF4B-00C04F79EFBC}") = "Spark", "Spark\Spark.csproj", "{31929D34-1A68-4A6B-9D8A-B93037163A5A}"
EndProject
Project("{FAE04EC0-301F-11D3-BF4B-00C04F79EFBC}") = "Spark.Tests", "Spark.Tests\Spark.Tests.csproj", "{64CC97B3-6B9B-4D12-8A45-5CD3621E6471}"
EndProject
Project("{FAE04EC0-301F-11D3-BF4B-00C04F79EFBC}") = "Spark.Web.Mvc", "Spark.Web.Mvc\Spark.Web.Mvc.csproj", "{286050D6-95A1-4381-93D8-93381D8AB8E2}"
EndProject
Project("{FAE04EC0-301F-11D3-BF4B-00C04F79EFBC}") = "Spark.Web.Mvc.Tests", "Spark.Web.Mvc.Tests\Spark.Web.Mvc.Tests.csproj", "{C8E58F51-8630-4420-8630-8E634EC8900E}"
EndProject
Project("{FAE04EC0-301F-11D3-BF4B-00C04F79EFBC}") = "Spark.JsTests", "Spark.JsTests\Spark.JsTests.csproj", "{E3D6EDAD-3C8F-4C0D-AD96-740566A055F3}"
EndProject
Project("{FAE04EC0-301F-11D3-BF4B-00C04F79EFBC}") = "Spark.Python", "Spark.Python\Spark.Python.csproj", "{0703F11D-FA13-4182-8577-170C9A5121FF}"
EndProject
Project("{FAE04EC0-301F-11D3-BF4B-00C04F79EFBC}") = "Spark.Python.Tests", "Spark.Python.Tests\Spark.Python.Tests.csproj", "{ED1B2C7B-862B-4B11-9BC3-55B1887877D9}"
EndProject
Project("{FAE04EC0-301F-11D3-BF4B-00C04F79EFBC}") = "Spark.Web.Mvc.Python", "Spark.Web.Mvc.Python\Spark.Web.Mvc.Python.csproj", "{92156FC5-8ECF-4A52-B4CA-AE060DCAAD18}"
EndProject
Project("{FAE04EC0-301F-11D3-BF4B-00C04F79EFBC}") = "Spark.Ruby", "Spark.Ruby\Spark.Ruby.csproj", "{514D7846-A133-4CCF-82B7-12C13F35D55B}"
EndProject
Project("{FAE04EC0-301F-11D3-BF4B-00C04F79EFBC}") = "Spark.Ruby.Tests", "Spark.Ruby.Tests\Spark.Ruby.Tests.csproj", "{E4A60CC3-41B3-495E-AA77-2574621C863B}"
EndProject
Project("{FAE04EC0-301F-11D3-BF4B-00C04F79EFBC}") = "Spark.Web.Mvc.Ruby", "Spark.Web.Mvc.Ruby\Spark.Web.Mvc.Ruby.csproj", "{92D6EEC2-FFE5-48E5-BFE1-D5C6D2F48D90}"
EndProject
Project("{FAE04EC0-301F-11D3-BF4B-00C04F79EFBC}") = "Spark.Web.Mvc.Ruby.Tests", "Spark.Web.Mvc.Ruby.Tests\Spark.Web.Mvc.Ruby.Tests.csproj", "{AE1175DE-6388-472B-92EB-907A1C45E541}"
EndProject
Project("{FAE04EC0-301F-11D3-BF4B-00C04F79EFBC}") = "Xpark", "Xpark\Xpark.csproj", "{4E7C0DEF-11F1-44C6-8CE0-198CD8FB8AB9}"
EndProject
Project("{FAE04EC0-301F-11D3-BF4B-00C04F79EFBC}") = "Spark.Web.Mvc.Pdf", "Spark.Web.Mvc.Pdf\Spark.Web.Mvc.Pdf.csproj", "{0A90BB41-BE2E-4608-B5DB-A3A8A5269E2F}"
EndProject
Project("{FAE04EC0-301F-11D3-BF4B-00C04F79EFBC}") = "Spark.Web.Mvc.Pdf.Tests", "Spark.Web.Mvc.Pdf.Tests\Spark.Web.Mvc.Pdf.Tests.csproj", "{0799EE7A-58D3-467F-8DE6-8F3FFDDEF4A1}"
EndProject
Project("{FAE04EC0-301F-11D3-BF4B-00C04F79EFBC}") = "Castle.MonoRail.Pdf", "Castle.Monorail.Pdf\Castle.MonoRail.Pdf.csproj", "{D5796359-FF68-4444-809D-C7A8DAA92E41}"
EndProject
Project("{FAE04EC0-301F-11D3-BF4B-00C04F79EFBC}") = "Castle.MonoRail.Pdf.Tests", "Castle.Monorail.Pdf.Tests\Castle.MonoRail.Pdf.Tests.csproj", "{0FEC123E-DFD8-4DB0-9FC7-6C2EF2897FAD}"
EndProject
Global
	GlobalSection(SolutionConfigurationPlatforms) = preSolution
		Debug|Any CPU = Debug|Any CPU
		Release|Any CPU = Release|Any CPU
	EndGlobalSection
	GlobalSection(ProjectConfigurationPlatforms) = postSolution
		{33D786A4-C95D-473E-B96F-06EC68527F66}.Debug|Any CPU.ActiveCfg = Debug|Any CPU
		{33D786A4-C95D-473E-B96F-06EC68527F66}.Debug|Any CPU.Build.0 = Debug|Any CPU
		{33D786A4-C95D-473E-B96F-06EC68527F66}.Release|Any CPU.ActiveCfg = Release|Any CPU
		{33D786A4-C95D-473E-B96F-06EC68527F66}.Release|Any CPU.Build.0 = Release|Any CPU
		{AD93C831-E12E-45AE-B654-682F9EFAE314}.Debug|Any CPU.ActiveCfg = Debug|Any CPU
		{AD93C831-E12E-45AE-B654-682F9EFAE314}.Debug|Any CPU.Build.0 = Debug|Any CPU
		{AD93C831-E12E-45AE-B654-682F9EFAE314}.Release|Any CPU.ActiveCfg = Release|Any CPU
		{AD93C831-E12E-45AE-B654-682F9EFAE314}.Release|Any CPU.Build.0 = Release|Any CPU
		{31929D34-1A68-4A6B-9D8A-B93037163A5A}.Debug|Any CPU.ActiveCfg = Debug|Any CPU
		{31929D34-1A68-4A6B-9D8A-B93037163A5A}.Debug|Any CPU.Build.0 = Debug|Any CPU
		{31929D34-1A68-4A6B-9D8A-B93037163A5A}.Release|Any CPU.ActiveCfg = Release|Any CPU
		{31929D34-1A68-4A6B-9D8A-B93037163A5A}.Release|Any CPU.Build.0 = Release|Any CPU
		{64CC97B3-6B9B-4D12-8A45-5CD3621E6471}.Debug|Any CPU.ActiveCfg = Debug|Any CPU
		{64CC97B3-6B9B-4D12-8A45-5CD3621E6471}.Debug|Any CPU.Build.0 = Debug|Any CPU
		{64CC97B3-6B9B-4D12-8A45-5CD3621E6471}.Release|Any CPU.ActiveCfg = Release|Any CPU
		{64CC97B3-6B9B-4D12-8A45-5CD3621E6471}.Release|Any CPU.Build.0 = Release|Any CPU
		{286050D6-95A1-4381-93D8-93381D8AB8E2}.Debug|Any CPU.ActiveCfg = Debug|Any CPU
		{286050D6-95A1-4381-93D8-93381D8AB8E2}.Debug|Any CPU.Build.0 = Debug|Any CPU
		{286050D6-95A1-4381-93D8-93381D8AB8E2}.Release|Any CPU.ActiveCfg = Release|Any CPU
		{286050D6-95A1-4381-93D8-93381D8AB8E2}.Release|Any CPU.Build.0 = Release|Any CPU
		{C8E58F51-8630-4420-8630-8E634EC8900E}.Debug|Any CPU.ActiveCfg = Debug|Any CPU
		{C8E58F51-8630-4420-8630-8E634EC8900E}.Debug|Any CPU.Build.0 = Debug|Any CPU
		{C8E58F51-8630-4420-8630-8E634EC8900E}.Release|Any CPU.ActiveCfg = Release|Any CPU
		{C8E58F51-8630-4420-8630-8E634EC8900E}.Release|Any CPU.Build.0 = Release|Any CPU
		{E3D6EDAD-3C8F-4C0D-AD96-740566A055F3}.Debug|Any CPU.ActiveCfg = Debug|Any CPU
		{E3D6EDAD-3C8F-4C0D-AD96-740566A055F3}.Debug|Any CPU.Build.0 = Debug|Any CPU
		{E3D6EDAD-3C8F-4C0D-AD96-740566A055F3}.Release|Any CPU.ActiveCfg = Release|Any CPU
		{E3D6EDAD-3C8F-4C0D-AD96-740566A055F3}.Release|Any CPU.Build.0 = Release|Any CPU
		{0703F11D-FA13-4182-8577-170C9A5121FF}.Debug|Any CPU.ActiveCfg = Debug|Any CPU
		{0703F11D-FA13-4182-8577-170C9A5121FF}.Debug|Any CPU.Build.0 = Debug|Any CPU
		{0703F11D-FA13-4182-8577-170C9A5121FF}.Release|Any CPU.ActiveCfg = Release|Any CPU
		{0703F11D-FA13-4182-8577-170C9A5121FF}.Release|Any CPU.Build.0 = Release|Any CPU
		{ED1B2C7B-862B-4B11-9BC3-55B1887877D9}.Debug|Any CPU.ActiveCfg = Debug|Any CPU
		{ED1B2C7B-862B-4B11-9BC3-55B1887877D9}.Debug|Any CPU.Build.0 = Debug|Any CPU
		{ED1B2C7B-862B-4B11-9BC3-55B1887877D9}.Release|Any CPU.ActiveCfg = Release|Any CPU
		{ED1B2C7B-862B-4B11-9BC3-55B1887877D9}.Release|Any CPU.Build.0 = Release|Any CPU
		{92156FC5-8ECF-4A52-B4CA-AE060DCAAD18}.Debug|Any CPU.ActiveCfg = Debug|Any CPU
		{92156FC5-8ECF-4A52-B4CA-AE060DCAAD18}.Debug|Any CPU.Build.0 = Debug|Any CPU
		{92156FC5-8ECF-4A52-B4CA-AE060DCAAD18}.Release|Any CPU.ActiveCfg = Release|Any CPU
		{92156FC5-8ECF-4A52-B4CA-AE060DCAAD18}.Release|Any CPU.Build.0 = Release|Any CPU
		{514D7846-A133-4CCF-82B7-12C13F35D55B}.Debug|Any CPU.ActiveCfg = Debug|Any CPU
		{514D7846-A133-4CCF-82B7-12C13F35D55B}.Debug|Any CPU.Build.0 = Debug|Any CPU
		{514D7846-A133-4CCF-82B7-12C13F35D55B}.Release|Any CPU.ActiveCfg = Release|Any CPU
		{514D7846-A133-4CCF-82B7-12C13F35D55B}.Release|Any CPU.Build.0 = Release|Any CPU
		{E4A60CC3-41B3-495E-AA77-2574621C863B}.Debug|Any CPU.ActiveCfg = Debug|Any CPU
		{E4A60CC3-41B3-495E-AA77-2574621C863B}.Debug|Any CPU.Build.0 = Debug|Any CPU
		{E4A60CC3-41B3-495E-AA77-2574621C863B}.Release|Any CPU.ActiveCfg = Release|Any CPU
		{E4A60CC3-41B3-495E-AA77-2574621C863B}.Release|Any CPU.Build.0 = Release|Any CPU
		{92D6EEC2-FFE5-48E5-BFE1-D5C6D2F48D90}.Debug|Any CPU.ActiveCfg = Debug|Any CPU
		{92D6EEC2-FFE5-48E5-BFE1-D5C6D2F48D90}.Debug|Any CPU.Build.0 = Debug|Any CPU
		{92D6EEC2-FFE5-48E5-BFE1-D5C6D2F48D90}.Release|Any CPU.ActiveCfg = Release|Any CPU
		{92D6EEC2-FFE5-48E5-BFE1-D5C6D2F48D90}.Release|Any CPU.Build.0 = Release|Any CPU
		{AE1175DE-6388-472B-92EB-907A1C45E541}.Debug|Any CPU.ActiveCfg = Debug|Any CPU
		{AE1175DE-6388-472B-92EB-907A1C45E541}.Debug|Any CPU.Build.0 = Debug|Any CPU
		{AE1175DE-6388-472B-92EB-907A1C45E541}.Release|Any CPU.ActiveCfg = Release|Any CPU
		{AE1175DE-6388-472B-92EB-907A1C45E541}.Release|Any CPU.Build.0 = Release|Any CPU
		{4E7C0DEF-11F1-44C6-8CE0-198CD8FB8AB9}.Debug|Any CPU.ActiveCfg = Debug|Any CPU
		{4E7C0DEF-11F1-44C6-8CE0-198CD8FB8AB9}.Debug|Any CPU.Build.0 = Debug|Any CPU
		{4E7C0DEF-11F1-44C6-8CE0-198CD8FB8AB9}.Release|Any CPU.ActiveCfg = Release|Any CPU
		{4E7C0DEF-11F1-44C6-8CE0-198CD8FB8AB9}.Release|Any CPU.Build.0 = Release|Any CPU
		{0A90BB41-BE2E-4608-B5DB-A3A8A5269E2F}.Debug|Any CPU.ActiveCfg = Debug|Any CPU
		{0A90BB41-BE2E-4608-B5DB-A3A8A5269E2F}.Debug|Any CPU.Build.0 = Debug|Any CPU
		{0A90BB41-BE2E-4608-B5DB-A3A8A5269E2F}.Release|Any CPU.ActiveCfg = Release|Any CPU
		{0A90BB41-BE2E-4608-B5DB-A3A8A5269E2F}.Release|Any CPU.Build.0 = Release|Any CPU
		{0799EE7A-58D3-467F-8DE6-8F3FFDDEF4A1}.Debug|Any CPU.ActiveCfg = Debug|Any CPU
		{0799EE7A-58D3-467F-8DE6-8F3FFDDEF4A1}.Debug|Any CPU.Build.0 = Debug|Any CPU
		{0799EE7A-58D3-467F-8DE6-8F3FFDDEF4A1}.Release|Any CPU.ActiveCfg = Release|Any CPU
		{0799EE7A-58D3-467F-8DE6-8F3FFDDEF4A1}.Release|Any CPU.Build.0 = Release|Any CPU
		{D5796359-FF68-4444-809D-C7A8DAA92E41}.Debug|Any CPU.ActiveCfg = Debug|Any CPU
		{D5796359-FF68-4444-809D-C7A8DAA92E41}.Debug|Any CPU.Build.0 = Debug|Any CPU
		{D5796359-FF68-4444-809D-C7A8DAA92E41}.Release|Any CPU.ActiveCfg = Release|Any CPU
		{D5796359-FF68-4444-809D-C7A8DAA92E41}.Release|Any CPU.Build.0 = Release|Any CPU
		{0FEC123E-DFD8-4DB0-9FC7-6C2EF2897FAD}.Debug|Any CPU.ActiveCfg = Debug|Any CPU
		{0FEC123E-DFD8-4DB0-9FC7-6C2EF2897FAD}.Debug|Any CPU.Build.0 = Debug|Any CPU
		{0FEC123E-DFD8-4DB0-9FC7-6C2EF2897FAD}.Release|Any CPU.ActiveCfg = Release|Any CPU
		{0FEC123E-DFD8-4DB0-9FC7-6C2EF2897FAD}.Release|Any CPU.Build.0 = Release|Any CPU
	EndGlobalSection
	GlobalSection(SolutionProperties) = preSolution
		HideSolutionNode = FALSE
	EndGlobalSection
	GlobalSection(NestedProjects) = preSolution
		{31929D34-1A68-4A6B-9D8A-B93037163A5A} = {F606A062-1BD5-40E2-8E8A-BCC4F374BFBF}
		{64CC97B3-6B9B-4D12-8A45-5CD3621E6471} = {F606A062-1BD5-40E2-8E8A-BCC4F374BFBF}
		{E3D6EDAD-3C8F-4C0D-AD96-740566A055F3} = {F606A062-1BD5-40E2-8E8A-BCC4F374BFBF}
		{0703F11D-FA13-4182-8577-170C9A5121FF} = {F606A062-1BD5-40E2-8E8A-BCC4F374BFBF}
		{ED1B2C7B-862B-4B11-9BC3-55B1887877D9} = {F606A062-1BD5-40E2-8E8A-BCC4F374BFBF}
		{514D7846-A133-4CCF-82B7-12C13F35D55B} = {F606A062-1BD5-40E2-8E8A-BCC4F374BFBF}
		{E4A60CC3-41B3-495E-AA77-2574621C863B} = {F606A062-1BD5-40E2-8E8A-BCC4F374BFBF}
		{286050D6-95A1-4381-93D8-93381D8AB8E2} = {F4E1F2B2-2BA6-4EFC-8082-ADBC14ECC179}
		{C8E58F51-8630-4420-8630-8E634EC8900E} = {F4E1F2B2-2BA6-4EFC-8082-ADBC14ECC179}
		{92156FC5-8ECF-4A52-B4CA-AE060DCAAD18} = {F4E1F2B2-2BA6-4EFC-8082-ADBC14ECC179}
		{92D6EEC2-FFE5-48E5-BFE1-D5C6D2F48D90} = {F4E1F2B2-2BA6-4EFC-8082-ADBC14ECC179}
		{AE1175DE-6388-472B-92EB-907A1C45E541} = {F4E1F2B2-2BA6-4EFC-8082-ADBC14ECC179}
		{0A90BB41-BE2E-4608-B5DB-A3A8A5269E2F} = {F4E1F2B2-2BA6-4EFC-8082-ADBC14ECC179}
		{0799EE7A-58D3-467F-8DE6-8F3FFDDEF4A1} = {F4E1F2B2-2BA6-4EFC-8082-ADBC14ECC179}
		{33D786A4-C95D-473E-B96F-06EC68527F66} = {CE293579-4889-4D6D-A1A0-BBBE8CBB9343}
		{AD93C831-E12E-45AE-B654-682F9EFAE314} = {CE293579-4889-4D6D-A1A0-BBBE8CBB9343}
		{D5796359-FF68-4444-809D-C7A8DAA92E41} = {CE293579-4889-4D6D-A1A0-BBBE8CBB9343}
		{0FEC123E-DFD8-4DB0-9FC7-6C2EF2897FAD} = {CE293579-4889-4D6D-A1A0-BBBE8CBB9343}
		{4E7C0DEF-11F1-44C6-8CE0-198CD8FB8AB9} = {8D3C4016-6843-4266-BA52-61D0A2C78880}
	EndGlobalSection
EndGlobal
