Microsoft Visual Studio Solution File, Format Version 10.00
# Visual Studio 2008
Project("{FAE04EC0-301F-11D3-BF4B-00C04F79EFBC}") = "Spark", "..\Spark\Spark.csproj", "{31929D34-1A68-4A6B-9D8A-B93037163A5A}"
EndProject
Project("{8BC9CEB8-8B4A-11D0-8D11-00A0C91BC942}") = "SparkLanguagePackage", "SparkLanguagePackage\SparkLanguagePackage.vcproj", "{149B18AC-1D73-448F-9186-242DA1B0ED29}"
EndProject
Project("{8BC9CEB8-8B4A-11D0-8D11-00A0C91BC942}") = "SparkLanguagePackagePS", "SparkLanguagePackage\SparkLanguagePackagePS.vcproj", "{FE5CE22D-EF2A-4ADA-95F8-8077D6566FC4}"
	ProjectSection(ProjectDependencies) = postProject
		{149B18AC-1D73-448F-9186-242DA1B0ED29} = {149B18AC-1D73-448F-9186-242DA1B0ED29}
	EndProjectSection
EndProject
Project("{FAE04EC0-301F-11D3-BF4B-00C04F79EFBC}") = "SparkLanguage", "SparkLanguage\SparkLanguage.csproj", "{F10178E7-AFCD-45B6-B94A-0CC4ECF4E1AA}"
	ProjectSection(ProjectDependencies) = postProject
		{149B18AC-1D73-448F-9186-242DA1B0ED29} = {149B18AC-1D73-448F-9186-242DA1B0ED29}
	EndProjectSection
EndProject
Project("{930C7802-8A8C-48F9-8165-68863BCCD9DD}") = "WixSparkLanguage", "WixSparkLanguage\WixSparkLanguage.wixproj", "{55ECD767-B3FA-40CE-97DE-06910F91FD19}"
	ProjectSection(ProjectDependencies) = postProject
		{D447C104-0FCA-4676-9767-C243840C4D12} = {D447C104-0FCA-4676-9767-C243840C4D12}
		{149B18AC-1D73-448F-9186-242DA1B0ED29} = {149B18AC-1D73-448F-9186-242DA1B0ED29}
		{F10178E7-AFCD-45B6-B94A-0CC4ECF4E1AA} = {F10178E7-AFCD-45B6-B94A-0CC4ECF4E1AA}
	EndProjectSection
EndProject
Project("{8BC9CEB8-8B4A-11D0-8D11-00A0C91BC942}") = "SparkLanguagePackageUI", "SparkLanguagePackage\SparkLanguagePackageUI.vcproj", "{D447C104-0FCA-4676-9767-C243840C4D12}"
EndProject
Project("{FAE04EC0-301F-11D3-BF4B-00C04F79EFBC}") = "SparkLanguage.Tests", "SparkLanguage.Tests\SparkLanguage.Tests.csproj", "{C328A04E-2A66-47EE-83F2-8323F6C47D16}"
EndProject
Global
	GlobalSection(SolutionConfigurationPlatforms) = preSolution
		Debug|Any CPU = Debug|Any CPU
		Debug|Mixed Platforms = Debug|Mixed Platforms
		Debug|Win32 = Debug|Win32
		Debug|x86 = Debug|x86
		Release|Any CPU = Release|Any CPU
		Release|Mixed Platforms = Release|Mixed Platforms
		Release|Win32 = Release|Win32
		Release|x86 = Release|x86
		Retail|Any CPU = Retail|Any CPU
		Retail|Mixed Platforms = Retail|Mixed Platforms
		Retail|Win32 = Retail|Win32
		Retail|x86 = Retail|x86
	EndGlobalSection
	GlobalSection(ProjectConfigurationPlatforms) = postSolution
		{31929D34-1A68-4A6B-9D8A-B93037163A5A}.Debug|Any CPU.ActiveCfg = Debug|Any CPU
		{31929D34-1A68-4A6B-9D8A-B93037163A5A}.Debug|Any CPU.Build.0 = Debug|Any CPU
		{31929D34-1A68-4A6B-9D8A-B93037163A5A}.Debug|Mixed Platforms.ActiveCfg = Debug|Any CPU
		{31929D34-1A68-4A6B-9D8A-B93037163A5A}.Debug|Mixed Platforms.Build.0 = Debug|Any CPU
		{31929D34-1A68-4A6B-9D8A-B93037163A5A}.Debug|Win32.ActiveCfg = Debug|Any CPU
		{31929D34-1A68-4A6B-9D8A-B93037163A5A}.Debug|x86.ActiveCfg = Debug|Any CPU
		{31929D34-1A68-4A6B-9D8A-B93037163A5A}.Release|Any CPU.ActiveCfg = Release|Any CPU
		{31929D34-1A68-4A6B-9D8A-B93037163A5A}.Release|Any CPU.Build.0 = Release|Any CPU
		{31929D34-1A68-4A6B-9D8A-B93037163A5A}.Release|Mixed Platforms.ActiveCfg = Release|Any CPU
		{31929D34-1A68-4A6B-9D8A-B93037163A5A}.Release|Mixed Platforms.Build.0 = Release|Any CPU
		{31929D34-1A68-4A6B-9D8A-B93037163A5A}.Release|Win32.ActiveCfg = Release|Any CPU
		{31929D34-1A68-4A6B-9D8A-B93037163A5A}.Release|x86.ActiveCfg = Release|Any CPU
		{31929D34-1A68-4A6B-9D8A-B93037163A5A}.Retail|Any CPU.ActiveCfg = Retail|Any CPU
		{31929D34-1A68-4A6B-9D8A-B93037163A5A}.Retail|Any CPU.Build.0 = Retail|Any CPU
		{31929D34-1A68-4A6B-9D8A-B93037163A5A}.Retail|Mixed Platforms.ActiveCfg = Retail|Any CPU
		{31929D34-1A68-4A6B-9D8A-B93037163A5A}.Retail|Mixed Platforms.Build.0 = Retail|Any CPU
		{31929D34-1A68-4A6B-9D8A-B93037163A5A}.Retail|Win32.ActiveCfg = Retail|Any CPU
		{31929D34-1A68-4A6B-9D8A-B93037163A5A}.Retail|x86.ActiveCfg = Retail|Any CPU
		{149B18AC-1D73-448F-9186-242DA1B0ED29}.Debug|Any CPU.ActiveCfg = Debug|Win32
		{149B18AC-1D73-448F-9186-242DA1B0ED29}.Debug|Mixed Platforms.ActiveCfg = Debug|Win32
		{149B18AC-1D73-448F-9186-242DA1B0ED29}.Debug|Mixed Platforms.Build.0 = Debug|Win32
		{149B18AC-1D73-448F-9186-242DA1B0ED29}.Debug|Win32.ActiveCfg = Debug|Win32
		{149B18AC-1D73-448F-9186-242DA1B0ED29}.Debug|Win32.Build.0 = Debug|Win32
		{149B18AC-1D73-448F-9186-242DA1B0ED29}.Debug|x86.ActiveCfg = Debug|Win32
		{149B18AC-1D73-448F-9186-242DA1B0ED29}.Release|Any CPU.ActiveCfg = Release|Win32
		{149B18AC-1D73-448F-9186-242DA1B0ED29}.Release|Mixed Platforms.ActiveCfg = Release|Win32
		{149B18AC-1D73-448F-9186-242DA1B0ED29}.Release|Mixed Platforms.Build.0 = Release|Win32
		{149B18AC-1D73-448F-9186-242DA1B0ED29}.Release|Win32.ActiveCfg = Release|Win32
		{149B18AC-1D73-448F-9186-242DA1B0ED29}.Release|Win32.Build.0 = Release|Win32
		{149B18AC-1D73-448F-9186-242DA1B0ED29}.Release|x86.ActiveCfg = Release|Win32
		{149B18AC-1D73-448F-9186-242DA1B0ED29}.Retail|Any CPU.ActiveCfg = Retail|Win32
		{149B18AC-1D73-448F-9186-242DA1B0ED29}.Retail|Mixed Platforms.ActiveCfg = Retail|Win32
		{149B18AC-1D73-448F-9186-242DA1B0ED29}.Retail|Mixed Platforms.Build.0 = Retail|Win32
		{149B18AC-1D73-448F-9186-242DA1B0ED29}.Retail|Win32.ActiveCfg = Retail|Win32
		{149B18AC-1D73-448F-9186-242DA1B0ED29}.Retail|Win32.Build.0 = Retail|Win32
		{149B18AC-1D73-448F-9186-242DA1B0ED29}.Retail|x86.ActiveCfg = Retail|Win32
		{FE5CE22D-EF2A-4ADA-95F8-8077D6566FC4}.Debug|Any CPU.ActiveCfg = Debug|Win32
		{FE5CE22D-EF2A-4ADA-95F8-8077D6566FC4}.Debug|Mixed Platforms.ActiveCfg = Debug|Win32
		{FE5CE22D-EF2A-4ADA-95F8-8077D6566FC4}.Debug|Win32.ActiveCfg = Debug|Win32
		{FE5CE22D-EF2A-4ADA-95F8-8077D6566FC4}.Debug|x86.ActiveCfg = Debug|Win32
		{FE5CE22D-EF2A-4ADA-95F8-8077D6566FC4}.Release|Any CPU.ActiveCfg = Release|Win32
		{FE5CE22D-EF2A-4ADA-95F8-8077D6566FC4}.Release|Mixed Platforms.ActiveCfg = Release|Win32
		{FE5CE22D-EF2A-4ADA-95F8-8077D6566FC4}.Release|Win32.ActiveCfg = Release|Win32
		{FE5CE22D-EF2A-4ADA-95F8-8077D6566FC4}.Release|x86.ActiveCfg = Release|Win32
		{FE5CE22D-EF2A-4ADA-95F8-8077D6566FC4}.Retail|Any CPU.ActiveCfg = Retail|Win32
		{FE5CE22D-EF2A-4ADA-95F8-8077D6566FC4}.Retail|Mixed Platforms.ActiveCfg = Retail|Win32
		{FE5CE22D-EF2A-4ADA-95F8-8077D6566FC4}.Retail|Win32.ActiveCfg = Retail|Win32
		{FE5CE22D-EF2A-4ADA-95F8-8077D6566FC4}.Retail|x86.ActiveCfg = Retail|Win32
		{F10178E7-AFCD-45B6-B94A-0CC4ECF4E1AA}.Debug|Any CPU.ActiveCfg = Debug|Any CPU
		{F10178E7-AFCD-45B6-B94A-0CC4ECF4E1AA}.Debug|Any CPU.Build.0 = Debug|Any CPU
		{F10178E7-AFCD-45B6-B94A-0CC4ECF4E1AA}.Debug|Mixed Platforms.ActiveCfg = Debug|Any CPU
		{F10178E7-AFCD-45B6-B94A-0CC4ECF4E1AA}.Debug|Mixed Platforms.Build.0 = Debug|Any CPU
		{F10178E7-AFCD-45B6-B94A-0CC4ECF4E1AA}.Debug|Win32.ActiveCfg = Debug|Any CPU
		{F10178E7-AFCD-45B6-B94A-0CC4ECF4E1AA}.Debug|x86.ActiveCfg = Debug|Any CPU
		{F10178E7-AFCD-45B6-B94A-0CC4ECF4E1AA}.Release|Any CPU.ActiveCfg = Release|Any CPU
		{F10178E7-AFCD-45B6-B94A-0CC4ECF4E1AA}.Release|Any CPU.Build.0 = Release|Any CPU
		{F10178E7-AFCD-45B6-B94A-0CC4ECF4E1AA}.Release|Mixed Platforms.ActiveCfg = Release|Any CPU
		{F10178E7-AFCD-45B6-B94A-0CC4ECF4E1AA}.Release|Mixed Platforms.Build.0 = Release|Any CPU
		{F10178E7-AFCD-45B6-B94A-0CC4ECF4E1AA}.Release|Win32.ActiveCfg = Release|Any CPU
		{F10178E7-AFCD-45B6-B94A-0CC4ECF4E1AA}.Release|x86.ActiveCfg = Release|Any CPU
		{F10178E7-AFCD-45B6-B94A-0CC4ECF4E1AA}.Retail|Any CPU.ActiveCfg = Retail|Any CPU
		{F10178E7-AFCD-45B6-B94A-0CC4ECF4E1AA}.Retail|Any CPU.Build.0 = Retail|Any CPU
		{F10178E7-AFCD-45B6-B94A-0CC4ECF4E1AA}.Retail|Mixed Platforms.ActiveCfg = Retail|Any CPU
		{F10178E7-AFCD-45B6-B94A-0CC4ECF4E1AA}.Retail|Mixed Platforms.Build.0 = Retail|Any CPU
		{F10178E7-AFCD-45B6-B94A-0CC4ECF4E1AA}.Retail|Win32.ActiveCfg = Retail|Any CPU
		{F10178E7-AFCD-45B6-B94A-0CC4ECF4E1AA}.Retail|x86.ActiveCfg = Retail|Any CPU
		{55ECD767-B3FA-40CE-97DE-06910F91FD19}.Debug|Any CPU.ActiveCfg = Debug|x86
		{55ECD767-B3FA-40CE-97DE-06910F91FD19}.Debug|Mixed Platforms.ActiveCfg = Debug|x86
		{55ECD767-B3FA-40CE-97DE-06910F91FD19}.Debug|Mixed Platforms.Build.0 = Debug|x86
		{55ECD767-B3FA-40CE-97DE-06910F91FD19}.Debug|Win32.ActiveCfg = Debug|x86
		{55ECD767-B3FA-40CE-97DE-06910F91FD19}.Debug|x86.ActiveCfg = Debug|x86
		{55ECD767-B3FA-40CE-97DE-06910F91FD19}.Debug|x86.Build.0 = Debug|x86
		{55ECD767-B3FA-40CE-97DE-06910F91FD19}.Release|Any CPU.ActiveCfg = Release|x86
		{55ECD767-B3FA-40CE-97DE-06910F91FD19}.Release|Mixed Platforms.ActiveCfg = Release|x86
		{55ECD767-B3FA-40CE-97DE-06910F91FD19}.Release|Mixed Platforms.Build.0 = Release|x86
		{55ECD767-B3FA-40CE-97DE-06910F91FD19}.Release|Win32.ActiveCfg = Release|x86
		{55ECD767-B3FA-40CE-97DE-06910F91FD19}.Release|x86.ActiveCfg = Release|x86
		{55ECD767-B3FA-40CE-97DE-06910F91FD19}.Release|x86.Build.0 = Release|x86
		{55ECD767-B3FA-40CE-97DE-06910F91FD19}.Retail|Any CPU.ActiveCfg = Retail|x86
		{55ECD767-B3FA-40CE-97DE-06910F91FD19}.Retail|Mixed Platforms.ActiveCfg = Retail|x86
		{55ECD767-B3FA-40CE-97DE-06910F91FD19}.Retail|Mixed Platforms.Build.0 = Retail|x86
		{55ECD767-B3FA-40CE-97DE-06910F91FD19}.Retail|Win32.ActiveCfg = Retail|x86
		{55ECD767-B3FA-40CE-97DE-06910F91FD19}.Retail|x86.ActiveCfg = Retail|x86
		{55ECD767-B3FA-40CE-97DE-06910F91FD19}.Retail|x86.Build.0 = Retail|x86
		{D447C104-0FCA-4676-9767-C243840C4D12}.Debug|Any CPU.ActiveCfg = Debug|Win32
		{D447C104-0FCA-4676-9767-C243840C4D12}.Debug|Mixed Platforms.ActiveCfg = Debug|Win32
		{D447C104-0FCA-4676-9767-C243840C4D12}.Debug|Mixed Platforms.Build.0 = Debug|Win32
		{D447C104-0FCA-4676-9767-C243840C4D12}.Debug|Win32.ActiveCfg = Debug|Win32
		{D447C104-0FCA-4676-9767-C243840C4D12}.Debug|Win32.Build.0 = Debug|Win32
		{D447C104-0FCA-4676-9767-C243840C4D12}.Debug|x86.ActiveCfg = Debug|Win32
		{D447C104-0FCA-4676-9767-C243840C4D12}.Release|Any CPU.ActiveCfg = Release|Win32
		{D447C104-0FCA-4676-9767-C243840C4D12}.Release|Mixed Platforms.ActiveCfg = Release|Win32
		{D447C104-0FCA-4676-9767-C243840C4D12}.Release|Mixed Platforms.Build.0 = Release|Win32
		{D447C104-0FCA-4676-9767-C243840C4D12}.Release|Win32.ActiveCfg = Release|Win32
		{D447C104-0FCA-4676-9767-C243840C4D12}.Release|Win32.Build.0 = Release|Win32
		{D447C104-0FCA-4676-9767-C243840C4D12}.Release|x86.ActiveCfg = Release|Win32
		{D447C104-0FCA-4676-9767-C243840C4D12}.Retail|Any CPU.ActiveCfg = Release|Win32
		{D447C104-0FCA-4676-9767-C243840C4D12}.Retail|Mixed Platforms.ActiveCfg = Retail|Win32
		{D447C104-0FCA-4676-9767-C243840C4D12}.Retail|Mixed Platforms.Build.0 = Retail|Win32
		{D447C104-0FCA-4676-9767-C243840C4D12}.Retail|Win32.ActiveCfg = Release|Win32
		{D447C104-0FCA-4676-9767-C243840C4D12}.Retail|Win32.Build.0 = Release|Win32
		{D447C104-0FCA-4676-9767-C243840C4D12}.Retail|x86.ActiveCfg = Release|Win32
		{C328A04E-2A66-47EE-83F2-8323F6C47D16}.Debug|Any CPU.ActiveCfg = Debug|Any CPU
		{C328A04E-2A66-47EE-83F2-8323F6C47D16}.Debug|Any CPU.Build.0 = Debug|Any CPU
		{C328A04E-2A66-47EE-83F2-8323F6C47D16}.Debug|Mixed Platforms.ActiveCfg = Debug|Any CPU
		{C328A04E-2A66-47EE-83F2-8323F6C47D16}.Debug|Mixed Platforms.Build.0 = Debug|Any CPU
		{C328A04E-2A66-47EE-83F2-8323F6C47D16}.Debug|Win32.ActiveCfg = Debug|Any CPU
		{C328A04E-2A66-47EE-83F2-8323F6C47D16}.Debug|x86.ActiveCfg = Debug|Any CPU
		{C328A04E-2A66-47EE-83F2-8323F6C47D16}.Release|Any CPU.ActiveCfg = Release|Any CPU
		{C328A04E-2A66-47EE-83F2-8323F6C47D16}.Release|Any CPU.Build.0 = Release|Any CPU
		{C328A04E-2A66-47EE-83F2-8323F6C47D16}.Release|Mixed Platforms.ActiveCfg = Release|Any CPU
		{C328A04E-2A66-47EE-83F2-8323F6C47D16}.Release|Mixed Platforms.Build.0 = Release|Any CPU
		{C328A04E-2A66-47EE-83F2-8323F6C47D16}.Release|Win32.ActiveCfg = Release|Any CPU
		{C328A04E-2A66-47EE-83F2-8323F6C47D16}.Release|x86.ActiveCfg = Release|Any CPU
		{C328A04E-2A66-47EE-83F2-8323F6C47D16}.Retail|Any CPU.ActiveCfg = Release|Any CPU
		{C328A04E-2A66-47EE-83F2-8323F6C47D16}.Retail|Any CPU.Build.0 = Release|Any CPU
		{C328A04E-2A66-47EE-83F2-8323F6C47D16}.Retail|Mixed Platforms.ActiveCfg = Release|Any CPU
		{C328A04E-2A66-47EE-83F2-8323F6C47D16}.Retail|Mixed Platforms.Build.0 = Release|Any CPU
		{C328A04E-2A66-47EE-83F2-8323F6C47D16}.Retail|Win32.ActiveCfg = Release|Any CPU
		{C328A04E-2A66-47EE-83F2-8323F6C47D16}.Retail|x86.ActiveCfg = Release|Any CPU
	EndGlobalSection
	GlobalSection(SolutionProperties) = preSolution
		HideSolutionNode = FALSE
	EndGlobalSection
EndGlobal
